# generated by rye
# use `rye lock` or `rye sync` to update this lockfile
#
# last locked with the following flags:
#   pre: false
#   features: []
#   all-features: true
#   with-sources: false
#   generate-hashes: false

-e file:.
babel==2.15.0
    # via mkdocs-material
certifi==2024.2.2
    # via requests
chardet==5.2.0
    # via mbstrdecoder
charset-normalizer==3.3.2
    # via requests
click==8.1.7
    # via mkdocs
colorama==0.4.6
    # via mkdocs-material
contourpy==1.2.1
    # via matplotlib
cycler==0.12.1
    # via matplotlib
dataproperty==1.0.1
    # via pytablewriter
    # via tabledata
fonttools==4.51.0
    # via matplotlib
ghp-import==2.1.0
    # via mkdocs
habanero==1.2.6
    # via rimscode-website
idna==3.7
    # via requests
iniabu==1.1.2
    # via rttools
iniconfig==2.0.0
    # via pytest
jinja2==3.1.4
    # via mkdocs
    # via mkdocs-material
kiwisolver==1.4.5
    # via matplotlib
markdown==3.6
    # via mkdocs
    # via mkdocs-material
    # via pymdown-extensions
markupsafe==2.1.5
    # via jinja2
    # via mkdocs
matplotlib==3.9.0
    # via rimsschemedrawer
    # via rttools
mbstrdecoder==1.1.3
    # via dataproperty
    # via pytablewriter
    # via typepy
mergedeep==1.3.4
    # via mkdocs
    # via mkdocs-get-deps
mkdocs==1.6.0
    # via mkdocs-material
    # via rimscode-website
mkdocs-get-deps==0.2.0
    # via mkdocs
mkdocs-material==9.5.24
    # via rimscode-website
mkdocs-material-extensions==1.3.1
    # via mkdocs-material
numpy==1.26.4
    # via contourpy
    # via iniabu
    # via matplotlib
    # via pandas
    # via pyarrow
    # via rimscode-website
    # via rimsschemedrawer
    # via rttools
    # via scipy
packaging==24.0
    # via matplotlib
    # via mkdocs
    # via pytest
    # via typepy
paginate==0.5.6
    # via mkdocs-material
pandas==2.2.2
    # via rttools
pathspec==0.12.1
    # via mkdocs
pathvalidate==3.2.0
    # via pytablewriter
pillow==10.3.0
    # via matplotlib
pint==0.23
    # via rimscode-website
    # via rttools
platformdirs==4.2.2
    # via mkdocs-get-deps
pluggy==1.5.0
    # via pytest
pyarrow==16.1.0
    # via rttools
pygments==2.18.0
    # via mkdocs-material
pymdown-extensions==10.8.1
    # via mkdocs-material
pyparsing==3.1.2
    # via matplotlib
pytablewriter==1.2.0
    # via rimscode-website
pytest==8.2.1
    # via pytest-mock
pytest-mock==3.14.0
python-dateutil==2.9.0.post0
    # via ghp-import
    # via matplotlib
    # via pandas
    # via typepy
pytz==2024.1
    # via pandas
    # via typepy
pyyaml==6.0.1
    # via mkdocs
    # via mkdocs-get-deps
    # via pymdown-extensions
    # via pyyaml-env-tag
pyyaml-env-tag==0.1
    # via mkdocs
regex==2024.5.15
    # via mkdocs-material
requests==2.32.1
    # via habanero
    # via mkdocs-material
rimsschemedrawer @ git+https://github.com/RIMS-Code/RIMSSchemeDrawer@cf39bb57edc35e777c85fa6bfff5e2c1a514a2d2
rttools @ git+https://github.com/trappitsch/rttools@5bbf5ba3f8dc3591230877491839343885ef6bc0
ruff==0.4.4
scipy==1.13.0
    # via rttools
setuptools==70.0.0
    # via pytablewriter
six==1.16.0
    # via python-dateutil
tabledata==1.3.3
    # via pytablewriter
tcolorpy==0.1.6
    # via pytablewriter
tqdm==4.66.4
    # via habanero
typepy==1.3.2
    # via dataproperty
    # via pytablewriter
    # via tabledata
typing-extensions==4.11.0
    # via pint
tzdata==2024.1
    # via pandas
urllib3==2.2.1
    # via requests
watchdog==4.0.0
    # via mkdocs
