# generated by rye
# use `rye lock` or `rye sync` to update this lockfile
#
# last locked with the following flags:
#   pre: false
#   features: []
#   all-features: false
#   with-sources: false

-e file:.
attrs==23.2.0
    # via outcome
    # via trio
babel==2.14.0
    # via mkdocs-material
certifi==2023.11.17
    # via requests
    # via selenium
charset-normalizer==3.3.2
    # via requests
click==8.1.7
    # via mkdocs
colorama==0.4.6
    # via mkdocs-material
ghp-import==2.1.0
    # via mkdocs
h11==0.14.0
    # via wsproto
idna==3.6
    # via requests
    # via trio
iniconfig==2.0.0
    # via pytest
jinja2==3.1.3
    # via mkdocs
    # via mkdocs-material
markdown==3.5.2
    # via mkdocs
    # via mkdocs-material
    # via pymdown-extensions
markupsafe==2.1.4
    # via jinja2
    # via mkdocs
mergedeep==1.3.4
    # via mkdocs
mkdocs==1.5.3
    # via mkdocs-material
    # via rimscode-website
mkdocs-material==9.5.4
    # via rimscode-website
mkdocs-material-extensions==1.3.1
    # via mkdocs-material
numpy==1.26.3
    # via rimscode-website
outcome==1.3.0.post0
    # via trio
packaging==23.2
    # via mkdocs
    # via pytest
paginate==0.5.6
    # via mkdocs-material
pathspec==0.12.1
    # via mkdocs
platformdirs==4.1.0
    # via mkdocs
pluggy==1.3.0
    # via pytest
pygments==2.17.2
    # via mkdocs-material
pymdown-extensions==10.7
    # via mkdocs-material
pysocks==1.7.1
    # via urllib3
pytest==7.4.4
    # via pytest-mock
pytest-mock==3.12.0
python-dateutil==2.8.2
    # via ghp-import
pyyaml==6.0.1
    # via mkdocs
    # via pymdown-extensions
    # via pyyaml-env-tag
    # via rimscode-website
pyyaml-env-tag==0.1
    # via mkdocs
regex==2023.12.25
    # via mkdocs-material
requests==2.31.0
    # via mkdocs-material
ruff==0.1.14
selenium==4.17.2
    # via rimscode-website
six==1.16.0
    # via python-dateutil
sniffio==1.3.0
    # via trio
sortedcontainers==2.4.0
    # via trio
trio==0.24.0
    # via selenium
    # via trio-websocket
trio-websocket==0.11.1
    # via selenium
typing-extensions==4.9.0
    # via selenium
urllib3==2.1.0
    # via requests
    # via selenium
    # via urllib3
watchdog==3.0.0
    # via mkdocs
wsproto==1.2.0
    # via trio-websocket
